
Microsoft Visual Studio Solution File, Format Version 12.00
# Visual Studio Version 16
VisualStudioVersion = 16.0.31205.134
MinimumVisualStudioVersion = 10.0.40219.1
Project("{9A19103F-16F7-4668-BE54-9A1E7A4F7556}") = "PortfolioCalculator", "src\PortfolioCalculator\PortfolioCalculator.csproj", "{9F6AA92A-A7D1-412B-B9B7-855791BAEB12}"
EndProject
Global
	GlobalSection(SolutionConfigurationPlatforms) = preSolution
		Debug|Any CPU = Debug|Any CPU
		Release|Any CPU = Release|Any CPU
	EndGlobalSection
	GlobalSection(ProjectConfigurationPlatforms) = postSolution
		{9F6AA92A-A7D1-412B-B9B7-855791BAEB12}.Debug|Any CPU.ActiveCfg = Debug|Any CPU
		{9F6AA92A-A7D1-412B-B9B7-855791BAEB12}.Debug|Any CPU.Build.0 = Debug|Any CPU
		{9F6AA92A-A7D1-412B-B9B7-855791BAEB12}.Release|Any CPU.ActiveCfg = Release|Any CPU
		{9F6AA92A-A7D1-412B-B9B7-855791BAEB12}.Release|Any CPU.Build.0 = Release|Any CPU
	EndGlobalSection
	GlobalSection(SolutionProperties) = preSolution
		HideSolutionNode = FALSE
	EndGlobalSection
	GlobalSection(ExtensibilityGlobals) = postSolution
		SolutionGuid = {03820B23-95F8-440D-95B2-F94BB62DB1BB}
	EndGlobalSection
EndGlobal
